
Microsoft Visual Studio Solution File, Format Version 12.00
# Visual Studio Version 17
VisualStudioVersion = 17.5.002.0
MinimumVisualStudioVersion = 10.0.40219.1
Project("{9A19103F-16F7-4668-BE54-9A1E7A4F7556}") = "Q1---Adavanced_Software_Engineering", "Q1---Adavanced_Software_Engineering.csproj", "{F1E156AF-558F-4484-85AE-509EB8ED33DB}"
EndProject
Global
	GlobalSection(SolutionConfigurationPlatforms) = preSolution
		Debug|Any CPU = Debug|Any CPU
		Release|Any CPU = Release|Any CPU
	EndGlobalSection
	GlobalSection(ProjectConfigurationPlatforms) = postSolution
		{F1E156AF-558F-4484-85AE-509EB8ED33DB}.Debug|Any CPU.ActiveCfg = Debug|Any CPU
		{F1E156AF-558F-4484-85AE-509EB8ED33DB}.Debug|Any CPU.Build.0 = Debug|Any CPU
		{F1E156AF-558F-4484-85AE-509EB8ED33DB}.Release|Any CPU.ActiveCfg = Release|Any CPU
		{F1E156AF-558F-4484-85AE-509EB8ED33DB}.Release|Any CPU.Build.0 = Release|Any CPU
	EndGlobalSection
	GlobalSection(SolutionProperties) = preSolution
		HideSolutionNode = FALSE
	EndGlobalSection
	GlobalSection(ExtensibilityGlobals) = postSolution
		SolutionGuid = {AEBCB69B-F5B4-47C7-BE23-DD109066F919}
	EndGlobalSection
EndGlobal
